{
  "name": "sprotobuf",
  "version": "0.0.1",
  "lockfileVersion": 1,
  "requires": true,
  "dependencies": {
    "buffer-op": {
      "version": "0.1.5",
      "resolved": "https://registry.npmjs.org/buffer-op/-/buffer-op-0.1.5.tgz",
      "integrity": "sha512-vw2Kjych7oGQbsyaBHgh2Rcw98T3r58BiIxZch6EVCk0g3EjfuJn62sDPzoOTAKlYeCZRyrP566qp0WRJZKqtg=="
    }
  }
}
