{
  "name": "sprotobuf",
  "version": "0.0.1",
  "lockfileVersion": 1,
  "requires": true,
  "dependencies": {
    "buffer-op": {
      "version": "0.1.4",
      "resolved": "https://registry.npmjs.org/buffer-op/-/buffer-op-0.1.4.tgz",
      "integrity": "sha512-bfJsKbqjSDRB7g2dMR/A46w+CB/XtPrgIm39wtm0I130Qt0uoe8tPolTc7L6mUumlFkwIubfjGll+SFmXnELCQ=="
    }
  }
}
